
Microsoft Visual Studio Solution File, Format Version 12.00
# Visual Studio Version 16
VisualStudioVersion = 16.0.31205.134
MinimumVisualStudioVersion = 10.0.40219.1
Project("{9A19103F-16F7-4668-BE54-9A1E7A4F7556}") = "CodeHome", "CodeHome.csproj", "{30A114D4-51AA-4153-9DBE-409378D4F286}"
EndProject
Global
	GlobalSection(SolutionConfigurationPlatforms) = preSolution
		Debug|Any CPU = Debug|Any CPU
		Release|Any CPU = Release|Any CPU
	EndGlobalSection
	GlobalSection(ProjectConfigurationPlatforms) = postSolution
		{30A114D4-51AA-4153-9DBE-409378D4F286}.Debug|Any CPU.ActiveCfg = Debug|Any CPU
		{30A114D4-51AA-4153-9DBE-409378D4F286}.Debug|Any CPU.Build.0 = Debug|Any CPU
		{30A114D4-51AA-4153-9DBE-409378D4F286}.Release|Any CPU.ActiveCfg = Release|Any CPU
		{30A114D4-51AA-4153-9DBE-409378D4F286}.Release|Any CPU.Build.0 = Release|Any CPU
	EndGlobalSection
	GlobalSection(SolutionProperties) = preSolution
		HideSolutionNode = FALSE
	EndGlobalSection
	GlobalSection(ExtensibilityGlobals) = postSolution
		SolutionGuid = {BE0DF682-9760-43BE-89D4-45B3F437FBE5}
	EndGlobalSection
EndGlobal
