
Microsoft Visual Studio Solution File, Format Version 12.00
# Visual Studio Version 16
VisualStudioVersion = 16.0.31205.134
MinimumVisualStudioVersion = 10.0.40219.1
Project("{9A19103F-16F7-4668-BE54-9A1E7A4F7556}") = "CursoAspNetCoreECommerce", "CursoAspNetCoreECommerce.csproj", "{46BAF61E-8DAA-4B68-B087-6C09F34EE4DD}"
EndProject
Global
	GlobalSection(SolutionConfigurationPlatforms) = preSolution
		Debug|Any CPU = Debug|Any CPU
		Release|Any CPU = Release|Any CPU
	EndGlobalSection
	GlobalSection(ProjectConfigurationPlatforms) = postSolution
		{46BAF61E-8DAA-4B68-B087-6C09F34EE4DD}.Debug|Any CPU.ActiveCfg = Debug|Any CPU
		{46BAF61E-8DAA-4B68-B087-6C09F34EE4DD}.Debug|Any CPU.Build.0 = Debug|Any CPU
		{46BAF61E-8DAA-4B68-B087-6C09F34EE4DD}.Release|Any CPU.ActiveCfg = Release|Any CPU
		{46BAF61E-8DAA-4B68-B087-6C09F34EE4DD}.Release|Any CPU.Build.0 = Release|Any CPU
	EndGlobalSection
	GlobalSection(SolutionProperties) = preSolution
		HideSolutionNode = FALSE
	EndGlobalSection
	GlobalSection(ExtensibilityGlobals) = postSolution
		SolutionGuid = {97A76C61-DFFA-40AD-B279-7B85DC82931A}
	EndGlobalSection
EndGlobal
